// !$*UTF8*$!
{
	archiveVersion = 1;
	classes = {
	};
	objectVersion = 56;
	objects = {

/* Begin PBXBuildFile section */
		E644BAB828DDE3E80070595E /* MiniMinistryApp.swift in Sources */ = {isa = PBXBuildFile; fileRef = E644BAB728DDE3E80070595E /* MiniMinistryApp.swift */; };
		E644BABA28DDE3E80070595E /* ContentView.swift in Sources */ = {isa = PBXBuildFile; fileRef = E644BAB928DDE3E80070595E /* ContentView.swift */; };
		E644BABC28DDE3E90070595E /* Assets.xcassets in Resources */ = {isa = PBXBuildFile; fileRef = E644BABB28DDE3E90070595E /* Assets.xcassets */; };
		E644BABF28DDE3E90070595E /* Preview Assets.xcassets in Resources */ = {isa = PBXBuildFile; fileRef = E644BABE28DDE3E90070595E /* Preview Assets.xcassets */; };
		E644BAC128DDE3E90070595E /* Persistence.swift in Sources */ = {isa = PBXBuildFile; fileRef = E644BAC028DDE3E90070595E /* Persistence.swift */; };
		E644BAC428DDE3E90070595E /* MiniMinistry.xcdatamodeld in Sources */ = {isa = PBXBuildFile; fileRef = E644BAC228DDE3E90070595E /* MiniMinistry.xcdatamodeld */; };
		E644BAEA28DDEEA10070595E /* AddItemView.swift in Sources */ = {isa = PBXBuildFile; fileRef = E644BAE928DDEEA10070595E /* AddItemView.swift */; };
		E644BAEC28DDEEC10070595E /* EditItemView.swift in Sources */ = {isa = PBXBuildFile; fileRef = E644BAEB28DDEEC10070595E /* EditItemView.swift */; };
		E644BAEE28DDEEE00070595E /* SummaryView.swift in Sources */ = {isa = PBXBuildFile; fileRef = E644BAED28DDEEE00070595E /* SummaryView.swift */; };
		E644BAF028DDEF040070595E /* Footer.swift in Sources */ = {isa = PBXBuildFile; fileRef = E644BAEF28DDEF040070595E /* Footer.swift */; };
		E644BAF228DDF8C80070595E /* StopwatchView.swift in Sources */ = {isa = PBXBuildFile; fileRef = E644BAF128DDF8C80070595E /* StopwatchView.swift */; };
		E644BAF428DDFD050070595E /* CoreDataHelpers.swift in Sources */ = {isa = PBXBuildFile; fileRef = E644BAF328DDFD050070595E /* CoreDataHelpers.swift */; };
		E644BAF628DDFE3F0070595E /* TimeFormater.swift in Sources */ = {isa = PBXBuildFile; fileRef = E644BAF528DDFE3F0070595E /* TimeFormater.swift */; };
		E644BAF828DE0C250070595E /* DefaultView.swift in Sources */ = {isa = PBXBuildFile; fileRef = E644BAF728DE0C250070595E /* DefaultView.swift */; };
		E644BAFA28DE13120070595E /* MonthSelectView.swift in Sources */ = {isa = PBXBuildFile; fileRef = E644BAF928DE13120070595E /* MonthSelectView.swift */; };
		E644BAFD28DE1BE20070595E /* CategoryView.swift in Sources */ = {isa = PBXBuildFile; fileRef = E644BAFC28DE1BE20070595E /* CategoryView.swift */; };
		E644BAFF28DE1BF30070595E /* CategoryEditView.swift in Sources */ = {isa = PBXBuildFile; fileRef = E644BAFE28DE1BF30070595E /* CategoryEditView.swift */; };
		E644BB0128DE1E140070595E /* SummaryInfoCard.swift in Sources */ = {isa = PBXBuildFile; fileRef = E644BB0028DE1E140070595E /* SummaryInfoCard.swift */; };
		E644BB0428DE1EA70070595E /* SummaryHeader.swift in Sources */ = {isa = PBXBuildFile; fileRef = E644BB0328DE1EA70070595E /* SummaryHeader.swift */; };
/* End PBXBuildFile section */

/* Begin PBXFileReference section */
		E644BAB428DDE3E80070595E /* MiniMinistry.app */ = {isa = PBXFileReference; explicitFileType = wrapper.application; includeInIndex = 0; path = MiniMinistry.app; sourceTree = BUILT_PRODUCTS_DIR; };
		E644BAB728DDE3E80070595E /* MiniMinistryApp.swift */ = {isa = PBXFileReference; lastKnownFileType = sourcecode.swift; path = MiniMinistryApp.swift; sourceTree = "<group>"; };
		E644BAB928DDE3E80070595E /* ContentView.swift */ = {isa = PBXFileReference; lastKnownFileType = sourcecode.swift; path = ContentView.swift; sourceTree = "<group>"; };
		E644BABB28DDE3E90070595E /* Assets.xcassets */ = {isa = PBXFileReference; lastKnownFileType = folder.assetcatalog; path = Assets.xcassets; sourceTree = "<group>"; };
		E644BABE28DDE3E90070595E /* Preview Assets.xcassets */ = {isa = PBXFileReference; lastKnownFileType = folder.assetcatalog; path = "Preview Assets.xcassets"; sourceTree = "<group>"; };
		E644BAC028DDE3E90070595E /* Persistence.swift */ = {isa = PBXFileReference; lastKnownFileType = sourcecode.swift; path = Persistence.swift; sourceTree = "<group>"; };
		E644BAC328DDE3E90070595E /* MiniMinistry.xcdatamodel */ = {isa = PBXFileReference; lastKnownFileType = wrapper.xcdatamodel; path = MiniMinistry.xcdatamodel; sourceTree = "<group>"; };
		E644BAC528DDE3E90070595E /* Info.plist */ = {isa = PBXFileReference; lastKnownFileType = text.plist.xml; path = Info.plist; sourceTree = "<group>"; };
		E644BAE928DDEEA10070595E /* AddItemView.swift */ = {isa = PBXFileReference; lastKnownFileType = sourcecode.swift; path = AddItemView.swift; sourceTree = "<group>"; };
		E644BAEB28DDEEC10070595E /* EditItemView.swift */ = {isa = PBXFileReference; lastKnownFileType = sourcecode.swift; path = EditItemView.swift; sourceTree = "<group>"; };
		E644BAED28DDEEE00070595E /* SummaryView.swift */ = {isa = PBXFileReference; lastKnownFileType = sourcecode.swift; path = SummaryView.swift; sourceTree = "<group>"; };
		E644BAEF28DDEF040070595E /* Footer.swift */ = {isa = PBXFileReference; lastKnownFileType = sourcecode.swift; path = Footer.swift; sourceTree = "<group>"; tabWidth = 4; usesTabs = 0; };
		E644BAF128DDF8C80070595E /* StopwatchView.swift */ = {isa = PBXFileReference; lastKnownFileType = sourcecode.swift; path = StopwatchView.swift; sourceTree = "<group>"; };
		E644BAF328DDFD050070595E /* CoreDataHelpers.swift */ = {isa = PBXFileReference; lastKnownFileType = sourcecode.swift; path = CoreDataHelpers.swift; sourceTree = "<group>"; };
		E644BAF528DDFE3F0070595E /* TimeFormater.swift */ = {isa = PBXFileReference; lastKnownFileType = sourcecode.swift; path = TimeFormater.swift; sourceTree = "<group>"; };
		E644BAF728DE0C250070595E /* DefaultView.swift */ = {isa = PBXFileReference; lastKnownFileType = sourcecode.swift; path = DefaultView.swift; sourceTree = "<group>"; };
		E644BAF928DE13120070595E /* MonthSelectView.swift */ = {isa = PBXFileReference; lastKnownFileType = sourcecode.swift; path = MonthSelectView.swift; sourceTree = "<group>"; };
		E644BAFC28DE1BE20070595E /* CategoryView.swift */ = {isa = PBXFileReference; lastKnownFileType = sourcecode.swift; path = CategoryView.swift; sourceTree = "<group>"; };
		E644BAFE28DE1BF30070595E /* CategoryEditView.swift */ = {isa = PBXFileReference; lastKnownFileType = sourcecode.swift; path = CategoryEditView.swift; sourceTree = "<group>"; };
		E644BB0028DE1E140070595E /* SummaryInfoCard.swift */ = {isa = PBXFileReference; lastKnownFileType = sourcecode.swift; path = SummaryInfoCard.swift; sourceTree = "<group>"; };
		E644BB0328DE1EA70070595E /* SummaryHeader.swift */ = {isa = PBXFileReference; lastKnownFileType = sourcecode.swift; path = SummaryHeader.swift; sourceTree = "<group>"; };
/* End PBXFileReference section */

/* Begin PBXFrameworksBuildPhase section */
		E644BAB128DDE3E80070595E /* Frameworks */ = {
			isa = PBXFrameworksBuildPhase;
			buildActionMask = 2147483647;
			files = (
			);
			runOnlyForDeploymentPostprocessing = 0;
		};
/* End PBXFrameworksBuildPhase section */

/* Begin PBXGroup section */
		E644BAAB28DDE3E80070595E = {
			isa = PBXGroup;
			children = (
				E644BAB628DDE3E80070595E /* MiniMinistry */,
				E644BAB528DDE3E80070595E /* Products */,
			);
			sourceTree = "<group>";
		};
		E644BAB528DDE3E80070595E /* Products */ = {
			isa = PBXGroup;
			children = (
				E644BAB428DDE3E80070595E /* MiniMinistry.app */,
			);
			name = Products;
			sourceTree = "<group>";
		};
		E644BAB628DDE3E80070595E /* MiniMinistry */ = {
			isa = PBXGroup;
			children = (
				E644BB0228DE1E760070595E /* Edit */,
				E644BAFB28DE1BA10070595E /* Summary */,
				E644BAE828DDED900070595E /* Utils */,
				E644BAE728DDED880070595E /* Views */,
				E644BAB928DDE3E80070595E /* ContentView.swift */,
				E644BAB728DDE3E80070595E /* MiniMinistryApp.swift */,
				E644BABB28DDE3E90070595E /* Assets.xcassets */,
				E644BAC028DDE3E90070595E /* Persistence.swift */,
				E644BAC528DDE3E90070595E /* Info.plist */,
				E644BAC228DDE3E90070595E /* MiniMinistry.xcdatamodeld */,
				E644BABD28DDE3E90070595E /* Preview Content */,
			);
			path = MiniMinistry;
			sourceTree = "<group>";
		};
		E644BABD28DDE3E90070595E /* Preview Content */ = {
			isa = PBXGroup;
			children = (
				E644BABE28DDE3E90070595E /* Preview Assets.xcassets */,
			);
			path = "Preview Content";
			sourceTree = "<group>";
		};
		E644BAE728DDED880070595E /* Views */ = {
			isa = PBXGroup;
			children = (
				E644BAE928DDEEA10070595E /* AddItemView.swift */,
				E644BAEB28DDEEC10070595E /* EditItemView.swift */,
				E644BAEF28DDEF040070595E /* Footer.swift */,
				E644BAF128DDF8C80070595E /* StopwatchView.swift */,
				E644BAF728DE0C250070595E /* DefaultView.swift */,
				E644BAF928DE13120070595E /* MonthSelectView.swift */,
			);
			path = Views;
			sourceTree = "<group>";
		};
		E644BAE828DDED900070595E /* Utils */ = {
			isa = PBXGroup;
			children = (
				E644BAF328DDFD050070595E /* CoreDataHelpers.swift */,
				E644BAF528DDFE3F0070595E /* TimeFormater.swift */,
			);
			path = Utils;
			sourceTree = "<group>";
		};
		E644BAFB28DE1BA10070595E /* Summary */ = {
			isa = PBXGroup;
			children = (
				E644BAED28DDEEE00070595E /* SummaryView.swift */,
				E644BAFC28DE1BE20070595E /* CategoryView.swift */,
				E644BB0028DE1E140070595E /* SummaryInfoCard.swift */,
				E644BB0328DE1EA70070595E /* SummaryHeader.swift */,
			);
			path = Summary;
			sourceTree = "<group>";
		};
		E644BB0228DE1E760070595E /* Edit */ = {
			isa = PBXGroup;
			children = (
				E644BAFE28DE1BF30070595E /* CategoryEditView.swift */,
			);
			path = Edit;
			sourceTree = "<group>";
		};
/* End PBXGroup section */

/* Begin PBXNativeTarget section */
		E644BAB328DDE3E80070595E /* MiniMinistry */ = {
			isa = PBXNativeTarget;
			buildConfigurationList = E644BADE28DDE3E90070595E /* Build configuration list for PBXNativeTarget "MiniMinistry" */;
			buildPhases = (
				E644BAB028DDE3E80070595E /* Sources */,
				E644BAB128DDE3E80070595E /* Frameworks */,
				E644BAB228DDE3E80070595E /* Resources */,
			);
			buildRules = (
			);
			dependencies = (
			);
			name = MiniMinistry;
			productName = MiniMinistry;
			productReference = E644BAB428DDE3E80070595E /* MiniMinistry.app */;
			productType = "com.apple.product-type.application";
		};
/* End PBXNativeTarget section */

/* Begin PBXProject section */
		E644BAAC28DDE3E80070595E /* Project object */ = {
			isa = PBXProject;
			attributes = {
				BuildIndependentTargetsInParallel = 1;
				LastSwiftUpdateCheck = 1400;
				LastUpgradeCheck = 1400;
				TargetAttributes = {
					E644BAB328DDE3E80070595E = {
						CreatedOnToolsVersion = 14.0;
					};
				};
			};
			buildConfigurationList = E644BAAF28DDE3E80070595E /* Build configuration list for PBXProject "MiniMinistry" */;
			compatibilityVersion = "Xcode 14.0";
			developmentRegion = en;
			hasScannedForEncodings = 0;
			knownRegions = (
				en,
				Base,
			);
			mainGroup = E644BAAB28DDE3E80070595E;
			productRefGroup = E644BAB528DDE3E80070595E /* Products */;
			projectDirPath = "";
			projectRoot = "";
			targets = (
				E644BAB328DDE3E80070595E /* MiniMinistry */,
			);
		};
/* End PBXProject section */

/* Begin PBXResourcesBuildPhase section */
		E644BAB228DDE3E80070595E /* Resources */ = {
			isa = PBXResourcesBuildPhase;
			buildActionMask = 2147483647;
			files = (
				E644BABF28DDE3E90070595E /* Preview Assets.xcassets in Resources */,
				E644BABC28DDE3E90070595E /* Assets.xcassets in Resources */,
			);
			runOnlyForDeploymentPostprocessing = 0;
		};
/* End PBXResourcesBuildPhase section */

/* Begin PBXSourcesBuildPhase section */
		E644BAB028DDE3E80070595E /* Sources */ = {
			isa = PBXSourcesBuildPhase;
			buildActionMask = 2147483647;
			files = (
				E644BAF428DDFD050070595E /* CoreDataHelpers.swift in Sources */,
				E644BAC128DDE3E90070595E /* Persistence.swift in Sources */,
				E644BAFF28DE1BF30070595E /* CategoryEditView.swift in Sources */,
				E644BAEE28DDEEE00070595E /* SummaryView.swift in Sources */,
				E644BB0128DE1E140070595E /* SummaryInfoCard.swift in Sources */,
				E644BAC428DDE3E90070595E /* MiniMinistry.xcdatamodeld in Sources */,
				E644BABA28DDE3E80070595E /* ContentView.swift in Sources */,
				E644BAF628DDFE3F0070595E /* TimeFormater.swift in Sources */,
				E644BAB828DDE3E80070595E /* MiniMinistryApp.swift in Sources */,
				E644BAEA28DDEEA10070595E /* AddItemView.swift in Sources */,
				E644BAFD28DE1BE20070595E /* CategoryView.swift in Sources */,
				E644BAF828DE0C250070595E /* DefaultView.swift in Sources */,
				E644BAF028DDEF040070595E /* Footer.swift in Sources */,
				E644BAEC28DDEEC10070595E /* EditItemView.swift in Sources */,
				E644BAFA28DE13120070595E /* MonthSelectView.swift in Sources */,
				E644BB0428DE1EA70070595E /* SummaryHeader.swift in Sources */,
				E644BAF228DDF8C80070595E /* StopwatchView.swift in Sources */,
			);
			runOnlyForDeploymentPostprocessing = 0;
		};
/* End PBXSourcesBuildPhase section */

/* Begin XCBuildConfiguration section */
		E644BADC28DDE3E90070595E /* Debug */ = {
			isa = XCBuildConfiguration;
			buildSettings = {
				ALWAYS_SEARCH_USER_PATHS = NO;
				CLANG_ANALYZER_NONNULL = YES;
				CLANG_ANALYZER_NUMBER_OBJECT_CONVERSION = YES_AGGRESSIVE;
				CLANG_CXX_LANGUAGE_STANDARD = "gnu++20";
				CLANG_ENABLE_MODULES = YES;
				CLANG_ENABLE_OBJC_ARC = YES;
				CLANG_ENABLE_OBJC_WEAK = YES;
				CLANG_WARN_BLOCK_CAPTURE_AUTORELEASING = YES;
				CLANG_WARN_BOOL_CONVERSION = YES;
				CLANG_WARN_COMMA = YES;
				CLANG_WARN_CONSTANT_CONVERSION = YES;
				CLANG_WARN_DEPRECATED_OBJC_IMPLEMENTATIONS = YES;
				CLANG_WARN_DIRECT_OBJC_ISA_USAGE = YES_ERROR;
				CLANG_WARN_DOCUMENTATION_COMMENTS = YES;
				CLANG_WARN_EMPTY_BODY = YES;
				CLANG_WARN_ENUM_CONVERSION = YES;
				CLANG_WARN_INFINITE_RECURSION = YES;
				CLANG_WARN_INT_CONVERSION = YES;
				CLANG_WARN_NON_LITERAL_NULL_CONVERSION = YES;
				CLANG_WARN_OBJC_IMPLICIT_RETAIN_SELF = YES;
				CLANG_WARN_OBJC_LITERAL_CONVERSION = YES;
				CLANG_WARN_OBJC_ROOT_CLASS = YES_ERROR;
				CLANG_WARN_QUOTED_INCLUDE_IN_FRAMEWORK_HEADER = YES;
				CLANG_WARN_RANGE_LOOP_ANALYSIS = YES;
				CLANG_WARN_STRICT_PROTOTYPES = YES;
				CLANG_WARN_SUSPICIOUS_MOVE = YES;
				CLANG_WARN_UNGUARDED_AVAILABILITY = YES_AGGRESSIVE;
				CLANG_WARN_UNREACHABLE_CODE = YES;
				CLANG_WARN__DUPLICATE_METHOD_MATCH = YES;
				COPY_PHASE_STRIP = NO;
				DEBUG_INFORMATION_FORMAT = dwarf;
				ENABLE_STRICT_OBJC_MSGSEND = YES;
				ENABLE_TESTABILITY = YES;
				GCC_C_LANGUAGE_STANDARD = gnu11;
				GCC_DYNAMIC_NO_PIC = NO;
				GCC_NO_COMMON_BLOCKS = YES;
				GCC_OPTIMIZATION_LEVEL = 0;
				GCC_PREPROCESSOR_DEFINITIONS = (
					"DEBUG=1",
					"$(inherited)",
				);
				GCC_WARN_64_TO_32_BIT_CONVERSION = YES;
				GCC_WARN_ABOUT_RETURN_TYPE = YES_ERROR;
				GCC_WARN_UNDECLARED_SELECTOR = YES;
				GCC_WARN_UNINITIALIZED_AUTOS = YES_AGGRESSIVE;
				GCC_WARN_UNUSED_FUNCTION = YES;
				GCC_WARN_UNUSED_VARIABLE = YES;
				IPHONEOS_DEPLOYMENT_TARGET = 16.0;
				MTL_ENABLE_DEBUG_INFO = INCLUDE_SOURCE;
				MTL_FAST_MATH = YES;
				ONLY_ACTIVE_ARCH = YES;
				SDKROOT = iphoneos;
				SWIFT_ACTIVE_COMPILATION_CONDITIONS = DEBUG;
				SWIFT_OPTIMIZATION_LEVEL = "-Onone";
			};
			name = Debug;
		};
		E644BADD28DDE3E90070595E /* Release */ = {
			isa = XCBuildConfiguration;
			buildSettings = {
				ALWAYS_SEARCH_USER_PATHS = NO;
				CLANG_ANALYZER_NONNULL = YES;
				CLANG_ANALYZER_NUMBER_OBJECT_CONVERSION = YES_AGGRESSIVE;
				CLANG_CXX_LANGUAGE_STANDARD = "gnu++20";
				CLANG_ENABLE_MODULES = YES;
				CLANG_ENABLE_OBJC_ARC = YES;
				CLANG_ENABLE_OBJC_WEAK = YES;
				CLANG_WARN_BLOCK_CAPTURE_AUTORELEASING = YES;
				CLANG_WARN_BOOL_CONVERSION = YES;
				CLANG_WARN_COMMA = YES;
				CLANG_WARN_CONSTANT_CONVERSION = YES;
				CLANG_WARN_DEPRECATED_OBJC_IMPLEMENTATIONS = YES;
				CLANG_WARN_DIRECT_OBJC_ISA_USAGE = YES_ERROR;
				CLANG_WARN_DOCUMENTATION_COMMENTS = YES;
				CLANG_WARN_EMPTY_BODY = YES;
				CLANG_WARN_ENUM_CONVERSION = YES;
				CLANG_WARN_INFINITE_RECURSION = YES;
				CLANG_WARN_INT_CONVERSION = YES;
				CLANG_WARN_NON_LITERAL_NULL_CONVERSION = YES;
				CLANG_WARN_OBJC_IMPLICIT_RETAIN_SELF = YES;
				CLANG_WARN_OBJC_LITERAL_CONVERSION = YES;
				CLANG_WARN_OBJC_ROOT_CLASS = YES_ERROR;
				CLANG_WARN_QUOTED_INCLUDE_IN_FRAMEWORK_HEADER = YES;
				CLANG_WARN_RANGE_LOOP_ANALYSIS = YES;
				CLANG_WARN_STRICT_PROTOTYPES = YES;
				CLANG_WARN_SUSPICIOUS_MOVE = YES;
				CLANG_WARN_UNGUARDED_AVAILABILITY = YES_AGGRESSIVE;
				CLANG_WARN_UNREACHABLE_CODE = YES;
				CLANG_WARN__DUPLICATE_METHOD_MATCH = YES;
				COPY_PHASE_STRIP = NO;
				DEBUG_INFORMATION_FORMAT = "dwarf-with-dsym";
				ENABLE_NS_ASSERTIONS = NO;
				ENABLE_STRICT_OBJC_MSGSEND = YES;
				GCC_C_LANGUAGE_STANDARD = gnu11;
				GCC_NO_COMMON_BLOCKS = YES;
				GCC_WARN_64_TO_32_BIT_CONVERSION = YES;
				GCC_WARN_ABOUT_RETURN_TYPE = YES_ERROR;
				GCC_WARN_UNDECLARED_SELECTOR = YES;
				GCC_WARN_UNINITIALIZED_AUTOS = YES_AGGRESSIVE;
				GCC_WARN_UNUSED_FUNCTION = YES;
				GCC_WARN_UNUSED_VARIABLE = YES;
				IPHONEOS_DEPLOYMENT_TARGET = 16.0;
				MTL_ENABLE_DEBUG_INFO = NO;
				MTL_FAST_MATH = YES;
				SDKROOT = iphoneos;
				SWIFT_COMPILATION_MODE = wholemodule;
				SWIFT_OPTIMIZATION_LEVEL = "-O";
				VALIDATE_PRODUCT = YES;
			};
			name = Release;
		};
		E644BADF28DDE3E90070595E /* Debug */ = {
			isa = XCBuildConfiguration;
			buildSettings = {
				ASSETCATALOG_COMPILER_APPICON_NAME = AppIcon;
				ASSETCATALOG_COMPILER_GLOBAL_ACCENT_COLOR_NAME = AccentColor;
				CODE_SIGN_STYLE = Automatic;
				CURRENT_PROJECT_VERSION = 1;
				DEVELOPMENT_ASSET_PATHS = "\"MiniMinistry/Preview Content\"";
				DEVELOPMENT_TEAM = FXP32TTR6H;
				ENABLE_PREVIEWS = YES;
				GENERATE_INFOPLIST_FILE = YES;
				INFOPLIST_KEY_CFBundleDisplayName = MiniMinistry;
				INFOPLIST_KEY_LSApplicationCategoryType = "public.app-category.productivity";
				INFOPLIST_KEY_UIApplicationSceneManifest_Generation = YES;
				INFOPLIST_KEY_UIApplicationSupportsIndirectInputEvents = YES;
				INFOPLIST_KEY_UILaunchScreen_Generation = YES;
				INFOPLIST_KEY_UIStatusBarStyle = "";
				INFOPLIST_KEY_UISupportedInterfaceOrientations = UIInterfaceOrientationPortrait;
				INFOPLIST_KEY_UISupportedInterfaceOrientations_iPad = "UIInterfaceOrientationPortrait UIInterfaceOrientationPortraitUpsideDown";
				IPHONEOS_DEPLOYMENT_TARGET = 14.0;
				LD_RUNPATH_SEARCH_PATHS = (
					"$(inherited)",
					"@executable_path/Frameworks",
				);
				MARKETING_VERSION = 1.0;
				PRODUCT_BUNDLE_IDENTIFIER = jajsemtomas.MiniMinistry;
				PRODUCT_NAME = "$(TARGET_NAME)";
				SWIFT_EMIT_LOC_STRINGS = YES;
				SWIFT_VERSION = 5.0;
				TARGETED_DEVICE_FAMILY = "1,2";
			};
			name = Debug;
		};
		E644BAE028DDE3E90070595E /* Release */ = {
			isa = XCBuildConfiguration;
			buildSettings = {
				ASSETCATALOG_COMPILER_APPICON_NAME = AppIcon;
				ASSETCATALOG_COMPILER_GLOBAL_ACCENT_COLOR_NAME = AccentColor;
				CODE_SIGN_STYLE = Automatic;
				CURRENT_PROJECT_VERSION = 1;
				DEVELOPMENT_ASSET_PATHS = "\"MiniMinistry/Preview Content\"";
				DEVELOPMENT_TEAM = FXP32TTR6H;
				ENABLE_PREVIEWS = YES;
				GENERATE_INFOPLIST_FILE = YES;
				INFOPLIST_KEY_CFBundleDisplayName = MiniMinistry;
				INFOPLIST_KEY_LSApplicationCategoryType = "public.app-category.productivity";
				INFOPLIST_KEY_UIApplicationSceneManifest_Generation = YES;
				INFOPLIST_KEY_UIApplicationSupportsIndirectInputEvents = YES;
				INFOPLIST_KEY_UILaunchScreen_Generation = YES;
				INFOPLIST_KEY_UIStatusBarStyle = "";
				INFOPLIST_KEY_UISupportedInterfaceOrientations = UIInterfaceOrientationPortrait;
				INFOPLIST_KEY_UISupportedInterfaceOrientations_iPad = "UIInterfaceOrientationPortrait UIInterfaceOrientationPortraitUpsideDown";
				IPHONEOS_DEPLOYMENT_TARGET = 14.0;
				LD_RUNPATH_SEARCH_PATHS = (
					"$(inherited)",
					"@executable_path/Frameworks",
				);
				MARKETING_VERSION = 1.0;
				PRODUCT_BUNDLE_IDENTIFIER = jajsemtomas.MiniMinistry;
				PRODUCT_NAME = "$(TARGET_NAME)";
				SWIFT_EMIT_LOC_STRINGS = YES;
				SWIFT_VERSION = 5.0;
				TARGETED_DEVICE_FAMILY = "1,2";
			};
			name = Release;
		};
/* End XCBuildConfiguration section */

/* Begin XCConfigurationList section */
		E644BAAF28DDE3E80070595E /* Build configuration list for PBXProject "MiniMinistry" */ = {
			isa = XCConfigurationList;
			buildConfigurations = (
				E644BADC28DDE3E90070595E /* Debug */,
				E644BADD28DDE3E90070595E /* Release */,
			);
			defaultConfigurationIsVisible = 0;
			defaultConfigurationName = Release;
		};
		E644BADE28DDE3E90070595E /* Build configuration list for PBXNativeTarget "MiniMinistry" */ = {
			isa = XCConfigurationList;
			buildConfigurations = (
				E644BADF28DDE3E90070595E /* Debug */,
				E644BAE028DDE3E90070595E /* Release */,
			);
			defaultConfigurationIsVisible = 0;
			defaultConfigurationName = Release;
		};
/* End XCConfigurationList section */

/* Begin XCVersionGroup section */
		E644BAC228DDE3E90070595E /* MiniMinistry.xcdatamodeld */ = {
			isa = XCVersionGroup;
			children = (
				E644BAC328DDE3E90070595E /* MiniMinistry.xcdatamodel */,
			);
			currentVersion = E644BAC328DDE3E90070595E /* MiniMinistry.xcdatamodel */;
			path = MiniMinistry.xcdatamodeld;
			sourceTree = "<group>";
			versionGroupType = wrapper.xcdatamodel;
		};
/* End XCVersionGroup section */
	};
	rootObject = E644BAAC28DDE3E80070595E /* Project object */;
}
